// !$*UTF8*$!
{
	archiveVersion = 1;
	classes = {
	};
	objectVersion = 50;
	objects = {

/* Begin PBXBuildFile section */
		11C646FFCE0BEFFBA88DCC94 /* libPods-MVP.a in Frameworks */ = {isa = PBXBuildFile; fileRef = E481B6FF078BE2ADC4AC2CAD /* libPods-MVP.a */; };
		C409185F26C21413009A7AAF /* SavedReceipesToShowVC.swift in Sources */ = {isa = PBXBuildFile; fileRef = C409185E26C21413009A7AAF /* SavedReceipesToShowVC.swift */; };
		C4363EBB27124DDA0002658A /* FilterVC.swift in Sources */ = {isa = PBXBuildFile; fileRef = C4363EBA27124DDA0002658A /* FilterVC.swift */; };
		C45EF73F269B7621002E1642 /* ScannerViewController.swift in Sources */ = {isa = PBXBuildFile; fileRef = C45EF73E269B7621002E1642 /* ScannerViewController.swift */; };
		C46886412550E848000E72FF /* AppDelegate.swift in Sources */ = {isa = PBXBuildFile; fileRef = C46886402550E848000E72FF /* AppDelegate.swift */; };
		C46886432550E848000E72FF /* SceneDelegate.swift in Sources */ = {isa = PBXBuildFile; fileRef = C46886422550E848000E72FF /* SceneDelegate.swift */; };
		C46886482550E848000E72FF /* Main.storyboard in Resources */ = {isa = PBXBuildFile; fileRef = C46886462550E848000E72FF /* Main.storyboard */; };
		C468864A2550E848000E72FF /* Assets.xcassets in Resources */ = {isa = PBXBuildFile; fileRef = C46886492550E848000E72FF /* Assets.xcassets */; };
		C468864D2550E848000E72FF /* LaunchScreen.storyboard in Resources */ = {isa = PBXBuildFile; fileRef = C468864B2550E848000E72FF /* LaunchScreen.storyboard */; };
		C46886562550E985000E72FF /* RecipeTableViewController.swift in Sources */ = {isa = PBXBuildFile; fileRef = C46886552550E985000E72FF /* RecipeTableViewController.swift */; };
		C468865B2550EC80000E72FF /* RecipeManager.swift in Sources */ = {isa = PBXBuildFile; fileRef = C468865A2550EC80000E72FF /* RecipeManager.swift */; };
		C468865F2550F00A000E72FF /* RecipeData.swift in Sources */ = {isa = PBXBuildFile; fileRef = C468865E2550F00A000E72FF /* RecipeData.swift */; };
		C46886872551D076000E72FF /* RecipeModel.swift in Sources */ = {isa = PBXBuildFile; fileRef = C46886862551D076000E72FF /* RecipeModel.swift */; };
		C48303DE271F1E94002F516C /* Filters.swift in Sources */ = {isa = PBXBuildFile; fileRef = C48303DD271F1E94002F516C /* Filters.swift */; };
		C48303E02720BD75002F516C /* FilterModel.swift in Sources */ = {isa = PBXBuildFile; fileRef = C48303DF2720BD74002F516C /* FilterModel.swift */; };
		C484E16B255C292C0044A790 /* WebPageViewController.swift in Sources */ = {isa = PBXBuildFile; fileRef = C484E16A255C292C0044A790 /* WebPageViewController.swift */; };
		C4A2A48426DD4F790097C690 /* SavedReceipes.swift in Sources */ = {isa = PBXBuildFile; fileRef = C4A2A48326DD4F790097C690 /* SavedReceipes.swift */; };
		C4A374C426684C270022F2AC /* DataModels.xcdatamodeld in Sources */ = {isa = PBXBuildFile; fileRef = C4A374C226684C270022F2AC /* DataModels.xcdatamodeld */; };
		C4AB810E26EAA322008B1ECA /* ScannerTableViewCell.swift in Sources */ = {isa = PBXBuildFile; fileRef = C4AB810C26EAA322008B1ECA /* ScannerTableViewCell.swift */; };
		C4AB810F26EAA322008B1ECA /* ScannerTableViewCell.xib in Resources */ = {isa = PBXBuildFile; fileRef = C4AB810D26EAA322008B1ECA /* ScannerTableViewCell.xib */; };
		C4AB811126FB862A008B1ECA /* SavedRecipeModel.swift in Sources */ = {isa = PBXBuildFile; fileRef = C4AB811026FB8629008B1ECA /* SavedRecipeModel.swift */; };
		C4B7BAC42655AB63003FAAB8 /* SearchHistoryViewController.swift in Sources */ = {isa = PBXBuildFile; fileRef = C4B7BAC32655AB63003FAAB8 /* SearchHistoryViewController.swift */; };
		C4B7BAC7265B5E08003FAAB8 /* MulticastDelegate.swift in Sources */ = {isa = PBXBuildFile; fileRef = C4B7BAC6265B5E08003FAAB8 /* MulticastDelegate.swift */; };
		C4C8BF1326669B6C00257609 /* libAlamofire.a in Frameworks */ = {isa = PBXBuildFile; fileRef = C4C8BF1226669B6C00257609 /* libAlamofire.a */; };
		C4C8BF1526669B7100257609 /* libAlamofireImage.a in Frameworks */ = {isa = PBXBuildFile; fileRef = C4C8BF1426669B7100257609 /* libAlamofireImage.a */; };
		C4D60A8F2638D49000DA1E33 /* SpinnerViewController.swift in Sources */ = {isa = PBXBuildFile; fileRef = C4D60A8E2638D49000DA1E33 /* SpinnerViewController.swift */; };
		C4F6BC9626618FB40014B3F8 /* RenderingCellTableViewCell.swift in Sources */ = {isa = PBXBuildFile; fileRef = C4F6BC9426618FB40014B3F8 /* RenderingCellTableViewCell.swift */; };
		C4F6BC9726618FB40014B3F8 /* RenderingCellTableViewCell.xib in Resources */ = {isa = PBXBuildFile; fileRef = C4F6BC9526618FB40014B3F8 /* RenderingCellTableViewCell.xib */; };
/* End PBXBuildFile section */

/* Begin PBXFileReference section */
		04EF289E19A27C77FE190BCC /* Pods-MVP.debug.xcconfig */ = {isa = PBXFileReference; includeInIndex = 1; lastKnownFileType = text.xcconfig; name = "Pods-MVP.debug.xcconfig"; path = "Target Support Files/Pods-MVP/Pods-MVP.debug.xcconfig"; sourceTree = "<group>"; };
		3E4B46564E07F47D3360C038 /* Pods-MVP.release.xcconfig */ = {isa = PBXFileReference; includeInIndex = 1; lastKnownFileType = text.xcconfig; name = "Pods-MVP.release.xcconfig"; path = "Target Support Files/Pods-MVP/Pods-MVP.release.xcconfig"; sourceTree = "<group>"; };
		C409185E26C21413009A7AAF /* SavedReceipesToShowVC.swift */ = {isa = PBXFileReference; lastKnownFileType = sourcecode.swift; path = SavedReceipesToShowVC.swift; sourceTree = "<group>"; };
		C4363EBA27124DDA0002658A /* FilterVC.swift */ = {isa = PBXFileReference; lastKnownFileType = sourcecode.swift; path = FilterVC.swift; sourceTree = "<group>"; };
		C45EF73E269B7621002E1642 /* ScannerViewController.swift */ = {isa = PBXFileReference; lastKnownFileType = sourcecode.swift; path = ScannerViewController.swift; sourceTree = "<group>"; };
		C468863D2550E848000E72FF /* MVP.app */ = {isa = PBXFileReference; explicitFileType = wrapper.application; includeInIndex = 0; path = MVP.app; sourceTree = BUILT_PRODUCTS_DIR; };
		C46886402550E848000E72FF /* AppDelegate.swift */ = {isa = PBXFileReference; lastKnownFileType = sourcecode.swift; path = AppDelegate.swift; sourceTree = "<group>"; };
		C46886422550E848000E72FF /* SceneDelegate.swift */ = {isa = PBXFileReference; lastKnownFileType = sourcecode.swift; path = SceneDelegate.swift; sourceTree = "<group>"; };
		C46886472550E848000E72FF /* Base */ = {isa = PBXFileReference; lastKnownFileType = file.storyboard; name = Base; path = Base.lproj/Main.storyboard; sourceTree = "<group>"; };
		C46886492550E848000E72FF /* Assets.xcassets */ = {isa = PBXFileReference; lastKnownFileType = folder.assetcatalog; path = Assets.xcassets; sourceTree = "<group>"; };
		C468864C2550E848000E72FF /* Base */ = {isa = PBXFileReference; lastKnownFileType = file.storyboard; name = Base; path = Base.lproj/LaunchScreen.storyboard; sourceTree = "<group>"; };
		C468864E2550E848000E72FF /* Info.plist */ = {isa = PBXFileReference; lastKnownFileType = text.plist.xml; path = Info.plist; sourceTree = "<group>"; };
		C46886552550E985000E72FF /* RecipeTableViewController.swift */ = {isa = PBXFileReference; lastKnownFileType = sourcecode.swift; path = RecipeTableViewController.swift; sourceTree = "<group>"; };
		C468865A2550EC80000E72FF /* RecipeManager.swift */ = {isa = PBXFileReference; lastKnownFileType = sourcecode.swift; path = RecipeManager.swift; sourceTree = "<group>"; };
		C468865E2550F00A000E72FF /* RecipeData.swift */ = {isa = PBXFileReference; lastKnownFileType = sourcecode.swift; path = RecipeData.swift; sourceTree = "<group>"; };
		C46886862551D076000E72FF /* RecipeModel.swift */ = {isa = PBXFileReference; lastKnownFileType = sourcecode.swift; path = RecipeModel.swift; sourceTree = "<group>"; };
		C48303DD271F1E94002F516C /* Filters.swift */ = {isa = PBXFileReference; lastKnownFileType = sourcecode.swift; path = Filters.swift; sourceTree = "<group>"; };
		C48303DF2720BD74002F516C /* FilterModel.swift */ = {isa = PBXFileReference; lastKnownFileType = sourcecode.swift; path = FilterModel.swift; sourceTree = "<group>"; };
		C484E16A255C292C0044A790 /* WebPageViewController.swift */ = {isa = PBXFileReference; lastKnownFileType = sourcecode.swift; path = WebPageViewController.swift; sourceTree = "<group>"; };
		C4A2A48326DD4F790097C690 /* SavedReceipes.swift */ = {isa = PBXFileReference; lastKnownFileType = sourcecode.swift; path = SavedReceipes.swift; sourceTree = "<group>"; };
		C4A374C326684C270022F2AC /* SearchHistoryData.xcdatamodel */ = {isa = PBXFileReference; lastKnownFileType = wrapper.xcdatamodel; path = SearchHistoryData.xcdatamodel; sourceTree = "<group>"; };
		C4AB810C26EAA322008B1ECA /* ScannerTableViewCell.swift */ = {isa = PBXFileReference; lastKnownFileType = sourcecode.swift; path = ScannerTableViewCell.swift; sourceTree = "<group>"; };
		C4AB810D26EAA322008B1ECA /* ScannerTableViewCell.xib */ = {isa = PBXFileReference; lastKnownFileType = file.xib; path = ScannerTableViewCell.xib; sourceTree = "<group>"; };
		C4AB811026FB8629008B1ECA /* SavedRecipeModel.swift */ = {isa = PBXFileReference; lastKnownFileType = sourcecode.swift; path = SavedRecipeModel.swift; sourceTree = "<group>"; };
		C4B7BAC32655AB63003FAAB8 /* SearchHistoryViewController.swift */ = {isa = PBXFileReference; lastKnownFileType = sourcecode.swift; path = SearchHistoryViewController.swift; sourceTree = "<group>"; };
		C4B7BAC6265B5E08003FAAB8 /* MulticastDelegate.swift */ = {isa = PBXFileReference; lastKnownFileType = sourcecode.swift; path = MulticastDelegate.swift; sourceTree = "<group>"; };
		C4C8BF1226669B6C00257609 /* libAlamofire.a */ = {isa = PBXFileReference; explicitFileType = archive.ar; path = libAlamofire.a; sourceTree = BUILT_PRODUCTS_DIR; };
		C4C8BF1426669B7100257609 /* libAlamofireImage.a */ = {isa = PBXFileReference; explicitFileType = archive.ar; path = libAlamofireImage.a; sourceTree = BUILT_PRODUCTS_DIR; };
		C4D60A8E2638D49000DA1E33 /* SpinnerViewController.swift */ = {isa = PBXFileReference; lastKnownFileType = sourcecode.swift; path = SpinnerViewController.swift; sourceTree = "<group>"; };
		C4F6BC9426618FB40014B3F8 /* RenderingCellTableViewCell.swift */ = {isa = PBXFileReference; lastKnownFileType = sourcecode.swift; path = RenderingCellTableViewCell.swift; sourceTree = "<group>"; };
		C4F6BC9526618FB40014B3F8 /* RenderingCellTableViewCell.xib */ = {isa = PBXFileReference; lastKnownFileType = file.xib; path = RenderingCellTableViewCell.xib; sourceTree = "<group>"; };
		E481B6FF078BE2ADC4AC2CAD /* libPods-MVP.a */ = {isa = PBXFileReference; explicitFileType = archive.ar; includeInIndex = 0; path = "libPods-MVP.a"; sourceTree = BUILT_PRODUCTS_DIR; };
/* End PBXFileReference section */

/* Begin PBXFrameworksBuildPhase section */
		C468863A2550E848000E72FF /* Frameworks */ = {
			isa = PBXFrameworksBuildPhase;
			buildActionMask = 2147483647;
			files = (
				C4C8BF1526669B7100257609 /* libAlamofireImage.a in Frameworks */,
				C4C8BF1326669B6C00257609 /* libAlamofire.a in Frameworks */,
				11C646FFCE0BEFFBA88DCC94 /* libPods-MVP.a in Frameworks */,
			);
			runOnlyForDeploymentPostprocessing = 0;
		};
/* End PBXFrameworksBuildPhase section */

/* Begin PBXGroup section */
		1691441FFBCA6366F55CB2A0 /* Frameworks */ = {
			isa = PBXGroup;
			children = (
				C4C8BF1426669B7100257609 /* libAlamofireImage.a */,
				C4C8BF1226669B6C00257609 /* libAlamofire.a */,
				E481B6FF078BE2ADC4AC2CAD /* libPods-MVP.a */,
			);
			name = Frameworks;
			sourceTree = "<group>";
		};
		9EAE97426015BF36A74EDC83 /* Pods */ = {
			isa = PBXGroup;
			children = (
				04EF289E19A27C77FE190BCC /* Pods-MVP.debug.xcconfig */,
				3E4B46564E07F47D3360C038 /* Pods-MVP.release.xcconfig */,
			);
			path = Pods;
			sourceTree = "<group>";
		};
		C46886342550E848000E72FF = {
			isa = PBXGroup;
			children = (
				C468863F2550E848000E72FF /* MVP */,
				C468863E2550E848000E72FF /* Products */,
				9EAE97426015BF36A74EDC83 /* Pods */,
				1691441FFBCA6366F55CB2A0 /* Frameworks */,
			);
			sourceTree = "<group>";
		};
		C468863E2550E848000E72FF /* Products */ = {
			isa = PBXGroup;
			children = (
				C468863D2550E848000E72FF /* MVP.app */,
			);
			name = Products;
			sourceTree = "<group>";
		};
		C468863F2550E848000E72FF /* MVP */ = {
			isa = PBXGroup;
			children = (
				C4B7BAC5265B5DE8003FAAB8 /* Utils */,
				C46886402550E848000E72FF /* AppDelegate.swift */,
				C46886422550E848000E72FF /* SceneDelegate.swift */,
				C46886592550EC6D000E72FF /* Model */,
				C46886892551E62B000E72FF /* Controller */,
				C468868B2551E63D000E72FF /* View */,
				C46886492550E848000E72FF /* Assets.xcassets */,
				C468864B2550E848000E72FF /* LaunchScreen.storyboard */,
				C468864E2550E848000E72FF /* Info.plist */,
			);
			path = MVP;
			sourceTree = "<group>";
		};
		C46886592550EC6D000E72FF /* Model */ = {
			isa = PBXGroup;
			children = (
				C4A374C226684C270022F2AC /* DataModels.xcdatamodeld */,
				C48303DD271F1E94002F516C /* Filters.swift */,
				C48303DF2720BD74002F516C /* FilterModel.swift */,
				C468865A2550EC80000E72FF /* RecipeManager.swift */,
				C468865E2550F00A000E72FF /* RecipeData.swift */,
				C46886862551D076000E72FF /* RecipeModel.swift */,
				C4A2A48326DD4F790097C690 /* SavedReceipes.swift */,
				C4AB811026FB8629008B1ECA /* SavedRecipeModel.swift */,
			);
			path = Model;
			sourceTree = "<group>";
		};
		C46886892551E62B000E72FF /* Controller */ = {
			isa = PBXGroup;
			children = (
				C46886552550E985000E72FF /* RecipeTableViewController.swift */,
				C4D60A8E2638D49000DA1E33 /* SpinnerViewController.swift */,
				C484E16A255C292C0044A790 /* WebPageViewController.swift */,
				C4B7BAC32655AB63003FAAB8 /* SearchHistoryViewController.swift */,
				C45EF73E269B7621002E1642 /* ScannerViewController.swift */,
				C409185E26C21413009A7AAF /* SavedReceipesToShowVC.swift */,
				C4363EBA27124DDA0002658A /* FilterVC.swift */,
			);
			path = Controller;
			sourceTree = "<group>";
		};
		C468868B2551E63D000E72FF /* View */ = {
			isa = PBXGroup;
			children = (
				C46886462550E848000E72FF /* Main.storyboard */,
				C4F6BC9426618FB40014B3F8 /* RenderingCellTableViewCell.swift */,
				C4F6BC9526618FB40014B3F8 /* RenderingCellTableViewCell.xib */,
				C4AB810C26EAA322008B1ECA /* ScannerTableViewCell.swift */,
				C4AB810D26EAA322008B1ECA /* ScannerTableViewCell.xib */,
			);
			path = View;
			sourceTree = "<group>";
		};
		C4B7BAC5265B5DE8003FAAB8 /* Utils */ = {
			isa = PBXGroup;
			children = (
				C4B7BAC6265B5E08003FAAB8 /* MulticastDelegate.swift */,
			);
			path = Utils;
			sourceTree = "<group>";
		};
/* End PBXGroup section */

/* Begin PBXNativeTarget section */
		C468863C2550E848000E72FF /* MVP */ = {
			isa = PBXNativeTarget;
			buildConfigurationList = C46886512550E848000E72FF /* Build configuration list for PBXNativeTarget "MVP" */;
			buildPhases = (
				82AC4488BF60044FE3EFA59D /* [CP] Check Pods Manifest.lock */,
				C46886392550E848000E72FF /* Sources */,
				C468863A2550E848000E72FF /* Frameworks */,
				C468863B2550E848000E72FF /* Resources */,
			);
			buildRules = (
			);
			dependencies = (
			);
			name = MVP;
			productName = MVP;
			productReference = C468863D2550E848000E72FF /* MVP.app */;
			productType = "com.apple.product-type.application";
		};
/* End PBXNativeTarget section */

/* Begin PBXProject section */
		C46886352550E848000E72FF /* Project object */ = {
			isa = PBXProject;
			attributes = {
				LastSwiftUpdateCheck = 1210;
				LastUpgradeCheck = 1210;
				TargetAttributes = {
					C468863C2550E848000E72FF = {
						CreatedOnToolsVersion = 12.1;
					};
				};
			};
			buildConfigurationList = C46886382550E848000E72FF /* Build configuration list for PBXProject "MVP" */;
			compatibilityVersion = "Xcode 9.3";
			developmentRegion = en;
			hasScannedForEncodings = 0;
			knownRegions = (
				en,
				Base,
			);
			mainGroup = C46886342550E848000E72FF;
			productRefGroup = C468863E2550E848000E72FF /* Products */;
			projectDirPath = "";
			projectRoot = "";
			targets = (
				C468863C2550E848000E72FF /* MVP */,
			);
		};
/* End PBXProject section */

/* Begin PBXResourcesBuildPhase section */
		C468863B2550E848000E72FF /* Resources */ = {
			isa = PBXResourcesBuildPhase;
			buildActionMask = 2147483647;
			files = (
				C4AB810F26EAA322008B1ECA /* ScannerTableViewCell.xib in Resources */,
				C4F6BC9726618FB40014B3F8 /* RenderingCellTableViewCell.xib in Resources */,
				C468864D2550E848000E72FF /* LaunchScreen.storyboard in Resources */,
				C468864A2550E848000E72FF /* Assets.xcassets in Resources */,
				C46886482550E848000E72FF /* Main.storyboard in Resources */,
			);
			runOnlyForDeploymentPostprocessing = 0;
		};
/* End PBXResourcesBuildPhase section */

/* Begin PBXShellScriptBuildPhase section */
		82AC4488BF60044FE3EFA59D /* [CP] Check Pods Manifest.lock */ = {
			isa = PBXShellScriptBuildPhase;
			buildActionMask = 2147483647;
			files = (
			);
			inputFileListPaths = (
			);
			inputPaths = (
				"${PODS_PODFILE_DIR_PATH}/Podfile.lock",
				"${PODS_ROOT}/Manifest.lock",
			);
			name = "[CP] Check Pods Manifest.lock";
			outputFileListPaths = (
			);
			outputPaths = (
				"$(DERIVED_FILE_DIR)/Pods-MVP-checkManifestLockResult.txt",
			);
			runOnlyForDeploymentPostprocessing = 0;
			shellPath = /bin/sh;
			shellScript = "diff \"${PODS_PODFILE_DIR_PATH}/Podfile.lock\" \"${PODS_ROOT}/Manifest.lock\" > /dev/null\nif [ $? != 0 ] ; then\n    # print error to STDERR\n    echo \"error: The sandbox is not in sync with the Podfile.lock. Run 'pod install' or update your CocoaPods installation.\" >&2\n    exit 1\nfi\n# This output is used by Xcode 'outputs' to avoid re-running this script phase.\necho \"SUCCESS\" > \"${SCRIPT_OUTPUT_FILE_0}\"\n";
			showEnvVarsInLog = 0;
		};
/* End PBXShellScriptBuildPhase section */

/* Begin PBXSourcesBuildPhase section */
		C46886392550E848000E72FF /* Sources */ = {
			isa = PBXSourcesBuildPhase;
			buildActionMask = 2147483647;
			files = (
				C4D60A8F2638D49000DA1E33 /* SpinnerViewController.swift in Sources */,
				C4F6BC9626618FB40014B3F8 /* RenderingCellTableViewCell.swift in Sources */,
				C4363EBB27124DDA0002658A /* FilterVC.swift in Sources */,
				C484E16B255C292C0044A790 /* WebPageViewController.swift in Sources */,
				C4AB810E26EAA322008B1ECA /* ScannerTableViewCell.swift in Sources */,
				C46886562550E985000E72FF /* RecipeTableViewController.swift in Sources */,
				C409185F26C21413009A7AAF /* SavedReceipesToShowVC.swift in Sources */,
				C468865B2550EC80000E72FF /* RecipeManager.swift in Sources */,
				C468865F2550F00A000E72FF /* RecipeData.swift in Sources */,
				C48303DE271F1E94002F516C /* Filters.swift in Sources */,
				C4A374C426684C270022F2AC /* DataModels.xcdatamodeld in Sources */,
				C4A2A48426DD4F790097C690 /* SavedReceipes.swift in Sources */,
				C46886412550E848000E72FF /* AppDelegate.swift in Sources */,
				C4B7BAC42655AB63003FAAB8 /* SearchHistoryViewController.swift in Sources */,
				C4B7BAC7265B5E08003FAAB8 /* MulticastDelegate.swift in Sources */,
				C48303E02720BD75002F516C /* FilterModel.swift in Sources */,
				C45EF73F269B7621002E1642 /* ScannerViewController.swift in Sources */,
				C4AB811126FB862A008B1ECA /* SavedRecipeModel.swift in Sources */,
				C46886432550E848000E72FF /* SceneDelegate.swift in Sources */,
				C46886872551D076000E72FF /* RecipeModel.swift in Sources */,
			);
			runOnlyForDeploymentPostprocessing = 0;
		};
/* End PBXSourcesBuildPhase section */

/* Begin PBXVariantGroup section */
		C46886462550E848000E72FF /* Main.storyboard */ = {
			isa = PBXVariantGroup;
			children = (
				C46886472550E848000E72FF /* Base */,
			);
			name = Main.storyboard;
			sourceTree = "<group>";
		};
		C468864B2550E848000E72FF /* LaunchScreen.storyboard */ = {
			isa = PBXVariantGroup;
			children = (
				C468864C2550E848000E72FF /* Base */,
			);
			name = LaunchScreen.storyboard;
			sourceTree = "<group>";
		};
/* End PBXVariantGroup section */

/* Begin XCBuildConfiguration section */
		C468864F2550E848000E72FF /* Debug */ = {
			isa = XCBuildConfiguration;
			buildSettings = {
				ALWAYS_SEARCH_USER_PATHS = NO;
				CLANG_ANALYZER_NONNULL = YES;
				CLANG_ANALYZER_NUMBER_OBJECT_CONVERSION = YES_AGGRESSIVE;
				CLANG_CXX_LANGUAGE_STANDARD = "gnu++14";
				CLANG_CXX_LIBRARY = "libc++";
				CLANG_ENABLE_MODULES = YES;
				CLANG_ENABLE_OBJC_ARC = YES;
				CLANG_ENABLE_OBJC_WEAK = YES;
				CLANG_WARN_BLOCK_CAPTURE_AUTORELEASING = YES;
				CLANG_WARN_BOOL_CONVERSION = YES;
				CLANG_WARN_COMMA = YES;
				CLANG_WARN_CONSTANT_CONVERSION = YES;
				CLANG_WARN_DEPRECATED_OBJC_IMPLEMENTATIONS = YES;
				CLANG_WARN_DIRECT_OBJC_ISA_USAGE = YES_ERROR;
				CLANG_WARN_DOCUMENTATION_COMMENTS = YES;
				CLANG_WARN_EMPTY_BODY = YES;
				CLANG_WARN_ENUM_CONVERSION = YES;
				CLANG_WARN_INFINITE_RECURSION = YES;
				CLANG_WARN_INT_CONVERSION = YES;
				CLANG_WARN_NON_LITERAL_NULL_CONVERSION = YES;
				CLANG_WARN_OBJC_IMPLICIT_RETAIN_SELF = YES;
				CLANG_WARN_OBJC_LITERAL_CONVERSION = YES;
				CLANG_WARN_OBJC_ROOT_CLASS = YES_ERROR;
				CLANG_WARN_QUOTED_INCLUDE_IN_FRAMEWORK_HEADER = YES;
				CLANG_WARN_RANGE_LOOP_ANALYSIS = YES;
				CLANG_WARN_STRICT_PROTOTYPES = YES;
				CLANG_WARN_SUSPICIOUS_MOVE = YES;
				CLANG_WARN_UNGUARDED_AVAILABILITY = YES_AGGRESSIVE;
				CLANG_WARN_UNREACHABLE_CODE = YES;
				CLANG_WARN__DUPLICATE_METHOD_MATCH = YES;
				COPY_PHASE_STRIP = NO;
				DEBUG_INFORMATION_FORMAT = dwarf;
				ENABLE_STRICT_OBJC_MSGSEND = YES;
				ENABLE_TESTABILITY = YES;
				GCC_C_LANGUAGE_STANDARD = gnu11;
				GCC_DYNAMIC_NO_PIC = NO;
				GCC_NO_COMMON_BLOCKS = YES;
				GCC_OPTIMIZATION_LEVEL = 0;
				GCC_PREPROCESSOR_DEFINITIONS = (
					"DEBUG=1",
					"$(inherited)",
				);
				GCC_WARN_64_TO_32_BIT_CONVERSION = YES;
				GCC_WARN_ABOUT_RETURN_TYPE = YES_ERROR;
				GCC_WARN_UNDECLARED_SELECTOR = YES;
				GCC_WARN_UNINITIALIZED_AUTOS = YES_AGGRESSIVE;
				GCC_WARN_UNUSED_FUNCTION = YES;
				GCC_WARN_UNUSED_VARIABLE = YES;
				IPHONEOS_DEPLOYMENT_TARGET = 14.1;
				MTL_ENABLE_DEBUG_INFO = INCLUDE_SOURCE;
				MTL_FAST_MATH = YES;
				ONLY_ACTIVE_ARCH = YES;
				SDKROOT = iphoneos;
				SWIFT_ACTIVE_COMPILATION_CONDITIONS = DEBUG;
				SWIFT_OPTIMIZATION_LEVEL = "-Onone";
			};
			name = Debug;
		};
		C46886502550E848000E72FF /* Release */ = {
			isa = XCBuildConfiguration;
			buildSettings = {
				ALWAYS_SEARCH_USER_PATHS = NO;
				CLANG_ANALYZER_NONNULL = YES;
				CLANG_ANALYZER_NUMBER_OBJECT_CONVERSION = YES_AGGRESSIVE;
				CLANG_CXX_LANGUAGE_STANDARD = "gnu++14";
				CLANG_CXX_LIBRARY = "libc++";
				CLANG_ENABLE_MODULES = YES;
				CLANG_ENABLE_OBJC_ARC = YES;
				CLANG_ENABLE_OBJC_WEAK = YES;
				CLANG_WARN_BLOCK_CAPTURE_AUTORELEASING = YES;
				CLANG_WARN_BOOL_CONVERSION = YES;
				CLANG_WARN_COMMA = YES;
				CLANG_WARN_CONSTANT_CONVERSION = YES;
				CLANG_WARN_DEPRECATED_OBJC_IMPLEMENTATIONS = YES;
				CLANG_WARN_DIRECT_OBJC_ISA_USAGE = YES_ERROR;
				CLANG_WARN_DOCUMENTATION_COMMENTS = YES;
				CLANG_WARN_EMPTY_BODY = YES;
				CLANG_WARN_ENUM_CONVERSION = YES;
				CLANG_WARN_INFINITE_RECURSION = YES;
				CLANG_WARN_INT_CONVERSION = YES;
				CLANG_WARN_NON_LITERAL_NULL_CONVERSION = YES;
				CLANG_WARN_OBJC_IMPLICIT_RETAIN_SELF = YES;
				CLANG_WARN_OBJC_LITERAL_CONVERSION = YES;
				CLANG_WARN_OBJC_ROOT_CLASS = YES_ERROR;
				CLANG_WARN_QUOTED_INCLUDE_IN_FRAMEWORK_HEADER = YES;
				CLANG_WARN_RANGE_LOOP_ANALYSIS = YES;
				CLANG_WARN_STRICT_PROTOTYPES = YES;
				CLANG_WARN_SUSPICIOUS_MOVE = YES;
				CLANG_WARN_UNGUARDED_AVAILABILITY = YES_AGGRESSIVE;
				CLANG_WARN_UNREACHABLE_CODE = YES;
				CLANG_WARN__DUPLICATE_METHOD_MATCH = YES;
				COPY_PHASE_STRIP = NO;
				DEBUG_INFORMATION_FORMAT = "dwarf-with-dsym";
				ENABLE_NS_ASSERTIONS = NO;
				ENABLE_STRICT_OBJC_MSGSEND = YES;
				GCC_C_LANGUAGE_STANDARD = gnu11;
				GCC_NO_COMMON_BLOCKS = YES;
				GCC_WARN_64_TO_32_BIT_CONVERSION = YES;
				GCC_WARN_ABOUT_RETURN_TYPE = YES_ERROR;
				GCC_WARN_UNDECLARED_SELECTOR = YES;
				GCC_WARN_UNINITIALIZED_AUTOS = YES_AGGRESSIVE;
				GCC_WARN_UNUSED_FUNCTION = YES;
				GCC_WARN_UNUSED_VARIABLE = YES;
				IPHONEOS_DEPLOYMENT_TARGET = 14.1;
				MTL_ENABLE_DEBUG_INFO = NO;
				MTL_FAST_MATH = YES;
				SDKROOT = iphoneos;
				SWIFT_COMPILATION_MODE = wholemodule;
				SWIFT_OPTIMIZATION_LEVEL = "-O";
				VALIDATE_PRODUCT = YES;
			};
			name = Release;
		};
		C46886522550E848000E72FF /* Debug */ = {
			isa = XCBuildConfiguration;
			baseConfigurationReference = 04EF289E19A27C77FE190BCC /* Pods-MVP.debug.xcconfig */;
			buildSettings = {
				ASSETCATALOG_COMPILER_APPICON_NAME = AppIcon;
				ASSETCATALOG_COMPILER_GLOBAL_ACCENT_COLOR_NAME = AccentColor;
				CODE_SIGN_IDENTITY = "Apple Development";
				CODE_SIGN_STYLE = Automatic;
				DEVELOPMENT_TEAM = X28T8ZG28R;
				INFOPLIST_FILE = MVP/Info.plist;
				LD_RUNPATH_SEARCH_PATHS = (
					"$(inherited)",
					"@executable_path/Frameworks",
				);
				MARKETING_VERSION = 1.0.2;
				PRODUCT_BUNDLE_IDENTIFIER = sdminternetdiversityventures.MVP;
				PRODUCT_NAME = "$(TARGET_NAME)";
				PROVISIONING_PROFILE_SPECIFIER = "";
				SWIFT_VERSION = 5.0;
				TARGETED_DEVICE_FAMILY = "1,2";
			};
			name = Debug;
		};
		C46886532550E848000E72FF /* Release */ = {
			isa = XCBuildConfiguration;
			baseConfigurationReference = 3E4B46564E07F47D3360C038 /* Pods-MVP.release.xcconfig */;
			buildSettings = {
				ASSETCATALOG_COMPILER_APPICON_NAME = AppIcon;
				ASSETCATALOG_COMPILER_GLOBAL_ACCENT_COLOR_NAME = AccentColor;
				CODE_SIGN_IDENTITY = "Apple Development";
				CODE_SIGN_STYLE = Automatic;
				DEVELOPMENT_TEAM = X28T8ZG28R;
				INFOPLIST_FILE = MVP/Info.plist;
				LD_RUNPATH_SEARCH_PATHS = (
					"$(inherited)",
					"@executable_path/Frameworks",
				);
				MARKETING_VERSION = 1.0.2;
				PRODUCT_BUNDLE_IDENTIFIER = sdminternetdiversityventures.MVP;
				PRODUCT_NAME = "$(TARGET_NAME)";
				PROVISIONING_PROFILE_SPECIFIER = "";
				SWIFT_VERSION = 5.0;
				TARGETED_DEVICE_FAMILY = "1,2";
			};
			name = Release;
		};
/* End XCBuildConfiguration section */

/* Begin XCConfigurationList section */
		C46886382550E848000E72FF /* Build configuration list for PBXProject "MVP" */ = {
			isa = XCConfigurationList;
			buildConfigurations = (
				C468864F2550E848000E72FF /* Debug */,
				C46886502550E848000E72FF /* Release */,
			);
			defaultConfigurationIsVisible = 0;
			defaultConfigurationName = Release;
		};
		C46886512550E848000E72FF /* Build configuration list for PBXNativeTarget "MVP" */ = {
			isa = XCConfigurationList;
			buildConfigurations = (
				C46886522550E848000E72FF /* Debug */,
				C46886532550E848000E72FF /* Release */,
			);
			defaultConfigurationIsVisible = 0;
			defaultConfigurationName = Release;
		};
/* End XCConfigurationList section */

/* Begin XCVersionGroup section */
		C4A374C226684C270022F2AC /* DataModels.xcdatamodeld */ = {
			isa = XCVersionGroup;
			children = (
				C4A374C326684C270022F2AC /* SearchHistoryData.xcdatamodel */,
			);
			currentVersion = C4A374C326684C270022F2AC /* SearchHistoryData.xcdatamodel */;
			name = DataModels.xcdatamodeld;
			path = ../DataModels.xcdatamodeld;
			sourceTree = "<group>";
			versionGroupType = wrapper.xcdatamodel;
		};
/* End XCVersionGroup section */
	};
	rootObject = C46886352550E848000E72FF /* Project object */;
}
